
Microsoft Visual Studio Solution File, Format Version 12.00
# Visual Studio Version 16
VisualStudioVersion = 25.0.1703.5
MinimumVisualStudioVersion = 10.0.40219.1
Project("{FAE04EC0-301F-11D3-BF4B-00C04F79EFBC}") = "capstone_HRAgency", "capstone_HRAgency.csproj", "{53111F96-4E4D-4733-B1A1-A778C43A2389}"
EndProject
Global
	GlobalSection(SolutionConfigurationPlatforms) = preSolution
		Debug|Any CPU = Debug|Any CPU
		Release|Any CPU = Release|Any CPU
	EndGlobalSection
	GlobalSection(ProjectConfigurationPlatforms) = postSolution
		{53111F96-4E4D-4733-B1A1-A778C43A2389}.Debug|Any CPU.ActiveCfg = Debug|Any CPU
		{53111F96-4E4D-4733-B1A1-A778C43A2389}.Debug|Any CPU.Build.0 = Debug|Any CPU
		{53111F96-4E4D-4733-B1A1-A778C43A2389}.Release|Any CPU.ActiveCfg = Release|Any CPU
		{53111F96-4E4D-4733-B1A1-A778C43A2389}.Release|Any CPU.Build.0 = Release|Any CPU
	EndGlobalSection
	GlobalSection(SolutionProperties) = preSolution
		HideSolutionNode = FALSE
	EndGlobalSection
	GlobalSection(ExtensibilityGlobals) = postSolution
		SolutionGuid = {F608AA1F-FAD3-451C-A177-715D4B2C1B79}
	EndGlobalSection
EndGlobal
